SITE
  remote: http://community.opscode.com/api/v1
  specs:
    apt (1.5.0)
    build-essential (1.1.2)
    dmg (1.0.0)
    git (1.0.2)
      build-essential (>= 0.0.0)
      dmg (>= 0.0.0)
      runit (>= 0.0.0)
      yum (>= 0.0.0)
    mongodb (0.11.0)
      apt (>= 0.0.0)
    runit (0.15.0)
    yum (1.0.0)
    zsh (1.0.0)

GIT
  remote: https://github.com/ashwinwhat/libcurl.git
  ref: master
  sha: 17cf71517a708b381e82e4845b3c39c55596576a
  specs:
    libcurl (1.0.0)
      build-essential (>= 0.0.0)

GIT
  remote: https://github.com/fnichol/chef-rvm
  ref: master
  sha: 6cd79589c85365227c930a559cfedc4c5b8bf9f6
  specs:
    rvm (0.9.1)

GIT
  remote: https://github.com/satyamag/chef-oh-my-zsh.git
  ref: master
  sha: 96c913437f5eb046f51b0f2f1f6c5b6bce02c90f
  specs:
    oh-my-zsh (0.0.1)
      git (>= 0.0.0)
      zsh (>= 0.0.0)

DEPENDENCIES
  apt (>= 0)
  git (>= 0)
  libcurl (>= 0)
  mongodb (>= 0)
  oh-my-zsh (>= 0)
  rvm (>= 0)
  zsh (>= 0)

